
Microsoft Visual Studio Solution File, Format Version 12.00
# Visual Studio 14
VisualStudioVersion = 14.0.24720.0
MinimumVisualStudioVersion = 10.0.40219.1
Project("{FAE04EC0-301F-11D3-BF4B-00C04F79EFBC}") = "Laba", "Laba\Laba.csproj", "{B27903DD-F516-4446-B8CF-0997C5999190}"
EndProject
Project("{FAE04EC0-301F-11D3-BF4B-00C04F79EFBC}") = "HRLibrary", "HRLibrary\HRLibrary.csproj", "{0AAEB3C5-4C7B-48EC-8398-9FB68A5238BA}"
EndProject
Global
	GlobalSection(SolutionConfigurationPlatforms) = preSolution
		Debug|Any CPU = Debug|Any CPU
		Release|Any CPU = Release|Any CPU
	EndGlobalSection
	GlobalSection(ProjectConfigurationPlatforms) = postSolution
		{B27903DD-F516-4446-B8CF-0997C5999190}.Debug|Any CPU.ActiveCfg = Debug|Any CPU
		{B27903DD-F516-4446-B8CF-0997C5999190}.Debug|Any CPU.Build.0 = Debug|Any CPU
		{B27903DD-F516-4446-B8CF-0997C5999190}.Release|Any CPU.ActiveCfg = Release|Any CPU
		{B27903DD-F516-4446-B8CF-0997C5999190}.Release|Any CPU.Build.0 = Release|Any CPU
		{0AAEB3C5-4C7B-48EC-8398-9FB68A5238BA}.Debug|Any CPU.ActiveCfg = Debug|Any CPU
		{0AAEB3C5-4C7B-48EC-8398-9FB68A5238BA}.Debug|Any CPU.Build.0 = Debug|Any CPU
		{0AAEB3C5-4C7B-48EC-8398-9FB68A5238BA}.Release|Any CPU.ActiveCfg = Release|Any CPU
		{0AAEB3C5-4C7B-48EC-8398-9FB68A5238BA}.Release|Any CPU.Build.0 = Release|Any CPU
	EndGlobalSection
	GlobalSection(SolutionProperties) = preSolution
		HideSolutionNode = FALSE
	EndGlobalSection
EndGlobal
